PODS:
  - Flutter (1.0.0)
  - flutter_barometer (0.0.1):
    - Flutter

DEPENDENCIES:
  - Flutter (from `Flutter`)
  - flutter_barometer (from `.symlinks/plugins/flutter_barometer/ios`)

EXTERNAL SOURCES:
  Flutter:
    :path: Flutter
  flutter_barometer:
    :path: ".symlinks/plugins/flutter_barometer/ios"

SPEC CHECKSUMS:
  Flutter: 0e3d915762c693b495b44d77113d4970485de6ec
  flutter_barometer: e841261135dc18fcffe40423a6b7ae0d2a08063f

PODFILE CHECKSUM: aafe91acc616949ddb318b77800a7f51bffa2a4c

COCOAPODS: 1.10.0
